
Microsoft Visual Studio Solution File, Format Version 12.00
# Visual Studio Version 17
VisualStudioVersion = 17.1.32421.90
MinimumVisualStudioVersion = 10.0.40219.1
Project("{FAE04EC0-301F-11D3-BF4B-00C04F79EFBC}") = "DemoAPIMinimal", "DemoAPIMinimal\DemoAPIMinimal.csproj", "{4D0DBE7F-C4C3-4D66-A4CF-ED1F682BB78B}"
EndProject
Global
	GlobalSection(SolutionConfigurationPlatforms) = preSolution
		Debug|Any CPU = Debug|Any CPU
		Release|Any CPU = Release|Any CPU
	EndGlobalSection
	GlobalSection(ProjectConfigurationPlatforms) = postSolution
		{4D0DBE7F-C4C3-4D66-A4CF-ED1F682BB78B}.Debug|Any CPU.ActiveCfg = Debug|Any CPU
		{4D0DBE7F-C4C3-4D66-A4CF-ED1F682BB78B}.Debug|Any CPU.Build.0 = Debug|Any CPU
		{4D0DBE7F-C4C3-4D66-A4CF-ED1F682BB78B}.Release|Any CPU.ActiveCfg = Release|Any CPU
		{4D0DBE7F-C4C3-4D66-A4CF-ED1F682BB78B}.Release|Any CPU.Build.0 = Release|Any CPU
	EndGlobalSection
	GlobalSection(SolutionProperties) = preSolution
		HideSolutionNode = FALSE
	EndGlobalSection
	GlobalSection(ExtensibilityGlobals) = postSolution
		SolutionGuid = {93E86B9B-C83A-4C50-BBFC-104FDF7A44A5}
	EndGlobalSection
EndGlobal
