
Microsoft Visual Studio Solution File, Format Version 12.00
# Visual Studio Version 17
VisualStudioVersion = 17.1.32421.90
MinimumVisualStudioVersion = 10.0.40219.1
Project("{2150E333-8FDC-42A3-9474-1A3956D46DE8}") = "Services", "Services", "{B32F3FA3-18A3-49B1-9749-EBF18C891A6E}"
EndProject
Project("{2150E333-8FDC-42A3-9474-1A3956D46DE8}") = "WebApps", "WebApps", "{5BB2D5B7-2820-4961-8361-1845E321A155}"
EndProject
Project("{2150E333-8FDC-42A3-9474-1A3956D46DE8}") = "Cadastros", "Cadastros", "{A1AD899C-6407-47A2-8A6F-DA40349C24D7}"
EndProject
Project("{2150E333-8FDC-42A3-9474-1A3956D46DE8}") = "Catalogo", "Catalogo", "{8937A28A-B81A-4B92-A3BB-A0EA853F15EC}"
EndProject
Project("{2150E333-8FDC-42A3-9474-1A3956D46DE8}") = "Core", "Core", "{184435C5-985C-43E4-992E-8BA112AC043E}"
EndProject
Project("{2150E333-8FDC-42A3-9474-1A3956D46DE8}") = "Fiscal", "Fiscal", "{6DC25016-27DC-4337-B6FD-0B4DDE538958}"
EndProject
Project("{2150E333-8FDC-42A3-9474-1A3956D46DE8}") = "Vendas", "Vendas", "{0ABEE75F-EF8C-40DA-8160-0A7428593FBD}"
EndProject
Project("{2150E333-8FDC-42A3-9474-1A3956D46DE8}") = "Pagamentos", "Pagamentos", "{6996A4A5-99B3-4E0B-86B8-11D3C76C0609}"
EndProject
Project("{FAE04EC0-301F-11D3-BF4B-00C04F79EFBC}") = "NerdStore.Catalogo.Domain", "NerdStore.Catalogo.Domain\NerdStore.Catalogo.Domain.csproj", "{1984F91B-CBC3-4005-8C3A-2A7D43DEA23F}"
EndProject
Project("{FAE04EC0-301F-11D3-BF4B-00C04F79EFBC}") = "NerdStore.Core", "NerdStore.Core\NerdStore.Core.csproj", "{638DDD7E-D5B5-4ADE-A31A-D06B5CA1548A}"
EndProject
Global
	GlobalSection(SolutionConfigurationPlatforms) = preSolution
		Debug|Any CPU = Debug|Any CPU
		Release|Any CPU = Release|Any CPU
	EndGlobalSection
	GlobalSection(ProjectConfigurationPlatforms) = postSolution
		{1984F91B-CBC3-4005-8C3A-2A7D43DEA23F}.Debug|Any CPU.ActiveCfg = Debug|Any CPU
		{1984F91B-CBC3-4005-8C3A-2A7D43DEA23F}.Debug|Any CPU.Build.0 = Debug|Any CPU
		{1984F91B-CBC3-4005-8C3A-2A7D43DEA23F}.Release|Any CPU.ActiveCfg = Release|Any CPU
		{1984F91B-CBC3-4005-8C3A-2A7D43DEA23F}.Release|Any CPU.Build.0 = Release|Any CPU
		{638DDD7E-D5B5-4ADE-A31A-D06B5CA1548A}.Debug|Any CPU.ActiveCfg = Debug|Any CPU
		{638DDD7E-D5B5-4ADE-A31A-D06B5CA1548A}.Debug|Any CPU.Build.0 = Debug|Any CPU
		{638DDD7E-D5B5-4ADE-A31A-D06B5CA1548A}.Release|Any CPU.ActiveCfg = Release|Any CPU
		{638DDD7E-D5B5-4ADE-A31A-D06B5CA1548A}.Release|Any CPU.Build.0 = Release|Any CPU
	EndGlobalSection
	GlobalSection(SolutionProperties) = preSolution
		HideSolutionNode = FALSE
	EndGlobalSection
	GlobalSection(NestedProjects) = preSolution
		{A1AD899C-6407-47A2-8A6F-DA40349C24D7} = {B32F3FA3-18A3-49B1-9749-EBF18C891A6E}
		{8937A28A-B81A-4B92-A3BB-A0EA853F15EC} = {B32F3FA3-18A3-49B1-9749-EBF18C891A6E}
		{184435C5-985C-43E4-992E-8BA112AC043E} = {B32F3FA3-18A3-49B1-9749-EBF18C891A6E}
		{6DC25016-27DC-4337-B6FD-0B4DDE538958} = {B32F3FA3-18A3-49B1-9749-EBF18C891A6E}
		{0ABEE75F-EF8C-40DA-8160-0A7428593FBD} = {B32F3FA3-18A3-49B1-9749-EBF18C891A6E}
		{6996A4A5-99B3-4E0B-86B8-11D3C76C0609} = {B32F3FA3-18A3-49B1-9749-EBF18C891A6E}
		{1984F91B-CBC3-4005-8C3A-2A7D43DEA23F} = {8937A28A-B81A-4B92-A3BB-A0EA853F15EC}
		{638DDD7E-D5B5-4ADE-A31A-D06B5CA1548A} = {184435C5-985C-43E4-992E-8BA112AC043E}
	EndGlobalSection
	GlobalSection(ExtensibilityGlobals) = postSolution
		SolutionGuid = {CCFFC3DE-0B76-4DA8-B138-7395B6A9DB5F}
	EndGlobalSection
EndGlobal
