
Microsoft Visual Studio Solution File, Format Version 12.00
# Visual Studio Version 17
VisualStudioVersion = 17.1.32421.90
MinimumVisualStudioVersion = 10.0.40219.1
Project("{FAE04EC0-301F-11D3-BF4B-00C04F79EFBC}") = "DemoBlazorAsm.Server", "DemoBlazorAsm\Server\DemoBlazorAsm.Server.csproj", "{BC1F32E5-0152-45CC-B40A-2DAA81DFFFFA}"
EndProject
Project("{FAE04EC0-301F-11D3-BF4B-00C04F79EFBC}") = "DemoBlazorAsm.Client", "DemoBlazorAsm\Client\DemoBlazorAsm.Client.csproj", "{130FECEB-8A37-4602-9CE9-443E4EBCB792}"
EndProject
Project("{FAE04EC0-301F-11D3-BF4B-00C04F79EFBC}") = "DemoBlazorAsm.Shared", "DemoBlazorAsm\Shared\DemoBlazorAsm.Shared.csproj", "{CA2F6398-F94B-41F9-B0F1-01DBFB8EACAF}"
EndProject
Global
	GlobalSection(SolutionConfigurationPlatforms) = preSolution
		Debug|Any CPU = Debug|Any CPU
		Release|Any CPU = Release|Any CPU
	EndGlobalSection
	GlobalSection(ProjectConfigurationPlatforms) = postSolution
		{BC1F32E5-0152-45CC-B40A-2DAA81DFFFFA}.Debug|Any CPU.ActiveCfg = Debug|Any CPU
		{BC1F32E5-0152-45CC-B40A-2DAA81DFFFFA}.Debug|Any CPU.Build.0 = Debug|Any CPU
		{BC1F32E5-0152-45CC-B40A-2DAA81DFFFFA}.Release|Any CPU.ActiveCfg = Release|Any CPU
		{BC1F32E5-0152-45CC-B40A-2DAA81DFFFFA}.Release|Any CPU.Build.0 = Release|Any CPU
		{130FECEB-8A37-4602-9CE9-443E4EBCB792}.Debug|Any CPU.ActiveCfg = Debug|Any CPU
		{130FECEB-8A37-4602-9CE9-443E4EBCB792}.Debug|Any CPU.Build.0 = Debug|Any CPU
		{130FECEB-8A37-4602-9CE9-443E4EBCB792}.Release|Any CPU.ActiveCfg = Release|Any CPU
		{130FECEB-8A37-4602-9CE9-443E4EBCB792}.Release|Any CPU.Build.0 = Release|Any CPU
		{CA2F6398-F94B-41F9-B0F1-01DBFB8EACAF}.Debug|Any CPU.ActiveCfg = Debug|Any CPU
		{CA2F6398-F94B-41F9-B0F1-01DBFB8EACAF}.Debug|Any CPU.Build.0 = Debug|Any CPU
		{CA2F6398-F94B-41F9-B0F1-01DBFB8EACAF}.Release|Any CPU.ActiveCfg = Release|Any CPU
		{CA2F6398-F94B-41F9-B0F1-01DBFB8EACAF}.Release|Any CPU.Build.0 = Release|Any CPU
	EndGlobalSection
	GlobalSection(SolutionProperties) = preSolution
		HideSolutionNode = FALSE
	EndGlobalSection
	GlobalSection(ExtensibilityGlobals) = postSolution
		SolutionGuid = {420A9193-92C0-49F6-BB2E-D6D7734144D9}
	EndGlobalSection
EndGlobal
